
Microsoft Visual Studio Solution File, Format Version 12.00
# Visual Studio Version 17
VisualStudioVersion = 17.4.33213.308
MinimumVisualStudioVersion = 10.0.40219.1
Project("{FAE04EC0-301F-11D3-BF4B-00C04F79EFBC}") = "BowlingGame", "BowlingGame\BowlingGame.csproj", "{B3BF5FAA-487D-4863-BE95-765F1408D599}"
EndProject
Project("{FAE04EC0-301F-11D3-BF4B-00C04F79EFBC}") = "BowlingGame.Test", "BowlingGameTest\BowlingGame.Test.csproj", "{7D2F1C2C-EBC0-438F-8C1B-28516A6FCE63}"
EndProject
Global
	GlobalSection(SolutionConfigurationPlatforms) = preSolution
		Debug|Any CPU = Debug|Any CPU
		Release|Any CPU = Release|Any CPU
	EndGlobalSection
	GlobalSection(ProjectConfigurationPlatforms) = postSolution
		{B3BF5FAA-487D-4863-BE95-765F1408D599}.Debug|Any CPU.ActiveCfg = Debug|Any CPU
		{B3BF5FAA-487D-4863-BE95-765F1408D599}.Debug|Any CPU.Build.0 = Debug|Any CPU
		{B3BF5FAA-487D-4863-BE95-765F1408D599}.Release|Any CPU.ActiveCfg = Release|Any CPU
		{B3BF5FAA-487D-4863-BE95-765F1408D599}.Release|Any CPU.Build.0 = Release|Any CPU
		{7D2F1C2C-EBC0-438F-8C1B-28516A6FCE63}.Debug|Any CPU.ActiveCfg = Debug|Any CPU
		{7D2F1C2C-EBC0-438F-8C1B-28516A6FCE63}.Debug|Any CPU.Build.0 = Debug|Any CPU
		{7D2F1C2C-EBC0-438F-8C1B-28516A6FCE63}.Release|Any CPU.ActiveCfg = Release|Any CPU
		{7D2F1C2C-EBC0-438F-8C1B-28516A6FCE63}.Release|Any CPU.Build.0 = Release|Any CPU
	EndGlobalSection
	GlobalSection(SolutionProperties) = preSolution
		HideSolutionNode = FALSE
	EndGlobalSection
	GlobalSection(ExtensibilityGlobals) = postSolution
		SolutionGuid = {59D1E6B9-53D3-4571-B340-C0AB6678D692}
	EndGlobalSection
EndGlobal
